
Microsoft Visual Studio Solution File, Format Version 12.00
Project("{FAE04EC0-301F-11D3-BF4B-00C04F79EFBC}") = "Work", "Work.csproj", "{B1E51AF1-8569-4765-8982-1CFEE5534AB7}"
EndProject
Global
	GlobalSection(SolutionConfigurationPlatforms) = preSolution
		Debug|Any CPU = Debug|Any CPU
		Release|Any CPU = Release|Any CPU
	EndGlobalSection
	GlobalSection(ProjectConfigurationPlatforms) = postSolution
		{B1E51AF1-8569-4765-8982-1CFEE5534AB7}.Debug|Any CPU.ActiveCfg = Debug|Any CPU
		{B1E51AF1-8569-4765-8982-1CFEE5534AB7}.Debug|Any CPU.Build.0 = Debug|Any CPU
		{B1E51AF1-8569-4765-8982-1CFEE5534AB7}.Release|Any CPU.ActiveCfg = Release|Any CPU
		{B1E51AF1-8569-4765-8982-1CFEE5534AB7}.Release|Any CPU.Build.0 = Release|Any CPU
	EndGlobalSection
EndGlobal
